// !$*UTF8*$!
{
	archiveVersion = 1;
	classes = {
	};
	objectVersion = 46;
	objects = {

/* Begin PBXBuildFile section */
		2682D1951802D40400E2CDAB /* Media.xcassets in Resources */ = {isa = PBXBuildFile; fileRef = 2682D1941802D40400E2CDAB /* Media.xcassets */; };
		26C4B32717FC429300913AF1 /* Foundation.framework in Frameworks */ = {isa = PBXBuildFile; fileRef = 26C4B32617FC429300913AF1 /* Foundation.framework */; };
		26C4B32917FC429300913AF1 /* CoreGraphics.framework in Frameworks */ = {isa = PBXBuildFile; fileRef = 26C4B32817FC429300913AF1 /* CoreGraphics.framework */; };
		26C4B32B17FC429300913AF1 /* UIKit.framework in Frameworks */ = {isa = PBXBuildFile; fileRef = 26C4B32A17FC429300913AF1 /* UIKit.framework */; };
		26C4B33117FC429300913AF1 /* InfoPlist.strings in Resources */ = {isa = PBXBuildFile; fileRef = 26C4B32F17FC429300913AF1 /* InfoPlist.strings */; };
		26C4B33317FC429300913AF1 /* main.m in Sources */ = {isa = PBXBuildFile; fileRef = 26C4B33217FC429300913AF1 /* main.m */; };
		26C4B33717FC429300913AF1 /* AKAppDelegate.m in Sources */ = {isa = PBXBuildFile; fileRef = 26C4B33617FC429300913AF1 /* AKAppDelegate.m */; };
		26C4B33A17FC429300913AF1 /* Main.storyboard in Resources */ = {isa = PBXBuildFile; fileRef = 26C4B33817FC429300913AF1 /* Main.storyboard */; };
		26C4B33D17FC429300913AF1 /* AKViewController.m in Sources */ = {isa = PBXBuildFile; fileRef = 26C4B33C17FC429300913AF1 /* AKViewController.m */; };
		26C4B33F17FC429300913AF1 /* Images.xcassets in Resources */ = {isa = PBXBuildFile; fileRef = 26C4B33E17FC429300913AF1 /* Images.xcassets */; };
		26C4B34617FC429300913AF1 /* XCTest.framework in Frameworks */ = {isa = PBXBuildFile; fileRef = 26C4B34517FC429300913AF1 /* XCTest.framework */; };
		26C4B34717FC429300913AF1 /* Foundation.framework in Frameworks */ = {isa = PBXBuildFile; fileRef = 26C4B32617FC429300913AF1 /* Foundation.framework */; };
		26C4B34817FC429300913AF1 /* UIKit.framework in Frameworks */ = {isa = PBXBuildFile; fileRef = 26C4B32A17FC429300913AF1 /* UIKit.framework */; };
		26C4B35017FC429300913AF1 /* InfoPlist.strings in Resources */ = {isa = PBXBuildFile; fileRef = 26C4B34E17FC429300913AF1 /* InfoPlist.strings */; };
		26C4B35217FC429300913AF1 /* AKYouTubeExampleTests.m in Sources */ = {isa = PBXBuildFile; fileRef = 26C4B35117FC429300913AF1 /* AKYouTubeExampleTests.m */; };
		26C4B36717FC501300913AF1 /* YTConnector.m in Sources */ = {isa = PBXBuildFile; fileRef = 26C4B35D17FC501300913AF1 /* YTConnector.m */; };
		26C4B36917FC501300913AF1 /* YTLoginViewController.m in Sources */ = {isa = PBXBuildFile; fileRef = 26C4B36117FC501300913AF1 /* YTLoginViewController.m */; };
		26C4B36A17FC501300913AF1 /* NSData+AKRest.m in Sources */ = {isa = PBXBuildFile; fileRef = 26C4B36617FC501300913AF1 /* NSData+AKRest.m */; };
		26F3EDE5180403F30079C1E6 /* QuartzCore.framework in Frameworks */ = {isa = PBXBuildFile; fileRef = 26F3EDE4180403F30079C1E6 /* QuartzCore.framework */; };
		26F3EDEB18040A990079C1E6 /* AKTableViewController.m in Sources */ = {isa = PBXBuildFile; fileRef = 26F3EDEA18040A990079C1E6 /* AKTableViewController.m */; };
/* End PBXBuildFile section */

/* Begin PBXContainerItemProxy section */
		26C4B34917FC429300913AF1 /* PBXContainerItemProxy */ = {
			isa = PBXContainerItemProxy;
			containerPortal = 26C4B31B17FC429300913AF1 /* Project object */;
			proxyType = 1;
			remoteGlobalIDString = 26C4B32217FC429300913AF1;
			remoteInfo = AKYouTubeExample;
		};
/* End PBXContainerItemProxy section */

/* Begin PBXFileReference section */
		2682D1941802D40400E2CDAB /* Media.xcassets */ = {isa = PBXFileReference; lastKnownFileType = folder.assetcatalog; path = Media.xcassets; sourceTree = "<group>"; };
		26C4B32317FC429300913AF1 /* AKYouTubeExample.app */ = {isa = PBXFileReference; explicitFileType = wrapper.application; includeInIndex = 0; path = AKYouTubeExample.app; sourceTree = BUILT_PRODUCTS_DIR; };
		26C4B32617FC429300913AF1 /* Foundation.framework */ = {isa = PBXFileReference; lastKnownFileType = wrapper.framework; name = Foundation.framework; path = System/Library/Frameworks/Foundation.framework; sourceTree = SDKROOT; };
		26C4B32817FC429300913AF1 /* CoreGraphics.framework */ = {isa = PBXFileReference; lastKnownFileType = wrapper.framework; name = CoreGraphics.framework; path = System/Library/Frameworks/CoreGraphics.framework; sourceTree = SDKROOT; };
		26C4B32A17FC429300913AF1 /* UIKit.framework */ = {isa = PBXFileReference; lastKnownFileType = wrapper.framework; name = UIKit.framework; path = System/Library/Frameworks/UIKit.framework; sourceTree = SDKROOT; };
		26C4B32E17FC429300913AF1 /* AKYouTubeExample-Info.plist */ = {isa = PBXFileReference; lastKnownFileType = text.plist.xml; path = "AKYouTubeExample-Info.plist"; sourceTree = "<group>"; };
		26C4B33017FC429300913AF1 /* en */ = {isa = PBXFileReference; lastKnownFileType = text.plist.strings; name = en; path = en.lproj/InfoPlist.strings; sourceTree = "<group>"; };
		26C4B33217FC429300913AF1 /* main.m */ = {isa = PBXFileReference; lastKnownFileType = sourcecode.c.objc; path = main.m; sourceTree = "<group>"; };
		26C4B33417FC429300913AF1 /* AKYouTubeExample-Prefix.pch */ = {isa = PBXFileReference; lastKnownFileType = sourcecode.c.h; path = "AKYouTubeExample-Prefix.pch"; sourceTree = "<group>"; };
		26C4B33517FC429300913AF1 /* AKAppDelegate.h */ = {isa = PBXFileReference; lastKnownFileType = sourcecode.c.h; path = AKAppDelegate.h; sourceTree = "<group>"; };
		26C4B33617FC429300913AF1 /* AKAppDelegate.m */ = {isa = PBXFileReference; lastKnownFileType = sourcecode.c.objc; path = AKAppDelegate.m; sourceTree = "<group>"; };
		26C4B33917FC429300913AF1 /* Base */ = {isa = PBXFileReference; lastKnownFileType = file.storyboard; name = Base; path = Base.lproj/Main.storyboard; sourceTree = "<group>"; };
		26C4B33B17FC429300913AF1 /* AKViewController.h */ = {isa = PBXFileReference; lastKnownFileType = sourcecode.c.h; path = AKViewController.h; sourceTree = "<group>"; };
		26C4B33C17FC429300913AF1 /* AKViewController.m */ = {isa = PBXFileReference; lastKnownFileType = sourcecode.c.objc; path = AKViewController.m; sourceTree = "<group>"; };
		26C4B33E17FC429300913AF1 /* Images.xcassets */ = {isa = PBXFileReference; lastKnownFileType = folder.assetcatalog; path = Images.xcassets; sourceTree = "<group>"; };
		26C4B34417FC429300913AF1 /* AKYouTubeExampleTests.xctest */ = {isa = PBXFileReference; explicitFileType = wrapper.cfbundle; includeInIndex = 0; path = AKYouTubeExampleTests.xctest; sourceTree = BUILT_PRODUCTS_DIR; };
		26C4B34517FC429300913AF1 /* XCTest.framework */ = {isa = PBXFileReference; lastKnownFileType = wrapper.framework; name = XCTest.framework; path = Library/Frameworks/XCTest.framework; sourceTree = DEVELOPER_DIR; };
		26C4B34D17FC429300913AF1 /* AKYouTubeExampleTests-Info.plist */ = {isa = PBXFileReference; lastKnownFileType = text.plist.xml; path = "AKYouTubeExampleTests-Info.plist"; sourceTree = "<group>"; };
		26C4B34F17FC429300913AF1 /* en */ = {isa = PBXFileReference; lastKnownFileType = text.plist.strings; name = en; path = en.lproj/InfoPlist.strings; sourceTree = "<group>"; };
		26C4B35117FC429300913AF1 /* AKYouTubeExampleTests.m */ = {isa = PBXFileReference; lastKnownFileType = sourcecode.c.objc; path = AKYouTubeExampleTests.m; sourceTree = "<group>"; };
		26C4B35C17FC501300913AF1 /* YTConnector.h */ = {isa = PBXFileReference; fileEncoding = 4; lastKnownFileType = sourcecode.c.h; path = YTConnector.h; sourceTree = "<group>"; };
		26C4B35D17FC501300913AF1 /* YTConnector.m */ = {isa = PBXFileReference; fileEncoding = 4; lastKnownFileType = sourcecode.c.objc; path = YTConnector.m; sourceTree = "<group>"; };
		26C4B36017FC501300913AF1 /* YTLoginViewController.h */ = {isa = PBXFileReference; fileEncoding = 4; lastKnownFileType = sourcecode.c.h; path = YTLoginViewController.h; sourceTree = "<group>"; };
		26C4B36117FC501300913AF1 /* YTLoginViewController.m */ = {isa = PBXFileReference; fileEncoding = 4; lastKnownFileType = sourcecode.c.objc; path = YTLoginViewController.m; sourceTree = "<group>"; };
		26C4B36417FC501300913AF1 /* YTConstants.h */ = {isa = PBXFileReference; fileEncoding = 4; lastKnownFileType = sourcecode.c.h; path = YTConstants.h; sourceTree = "<group>"; };
		26C4B36517FC501300913AF1 /* NSData+AKRest.h */ = {isa = PBXFileReference; fileEncoding = 4; lastKnownFileType = sourcecode.c.h; path = "NSData+AKRest.h"; sourceTree = "<group>"; };
		26C4B36617FC501300913AF1 /* NSData+AKRest.m */ = {isa = PBXFileReference; fileEncoding = 4; lastKnownFileType = sourcecode.c.objc; path = "NSData+AKRest.m"; sourceTree = "<group>"; };
		26F3EDE4180403F30079C1E6 /* QuartzCore.framework */ = {isa = PBXFileReference; lastKnownFileType = wrapper.framework; name = QuartzCore.framework; path = System/Library/Frameworks/QuartzCore.framework; sourceTree = SDKROOT; };
		26F3EDE918040A990079C1E6 /* AKTableViewController.h */ = {isa = PBXFileReference; fileEncoding = 4; lastKnownFileType = sourcecode.c.h; path = AKTableViewController.h; sourceTree = "<group>"; };
		26F3EDEA18040A990079C1E6 /* AKTableViewController.m */ = {isa = PBXFileReference; fileEncoding = 4; lastKnownFileType = sourcecode.c.objc; path = AKTableViewController.m; sourceTree = "<group>"; };
		26F3EDEC18040B3A0079C1E6 /* AKConstants.h */ = {isa = PBXFileReference; lastKnownFileType = sourcecode.c.h; path = AKConstants.h; sourceTree = "<group>"; };
/* End PBXFileReference section */

/* Begin PBXFrameworksBuildPhase section */
		26C4B32017FC429300913AF1 /* Frameworks */ = {
			isa = PBXFrameworksBuildPhase;
			buildActionMask = 2147483647;
			files = (
				26F3EDE5180403F30079C1E6 /* QuartzCore.framework in Frameworks */,
				26C4B32917FC429300913AF1 /* CoreGraphics.framework in Frameworks */,
				26C4B32B17FC429300913AF1 /* UIKit.framework in Frameworks */,
				26C4B32717FC429300913AF1 /* Foundation.framework in Frameworks */,
			);
			runOnlyForDeploymentPostprocessing = 0;
		};
		26C4B34117FC429300913AF1 /* Frameworks */ = {
			isa = PBXFrameworksBuildPhase;
			buildActionMask = 2147483647;
			files = (
				26C4B34617FC429300913AF1 /* XCTest.framework in Frameworks */,
				26C4B34817FC429300913AF1 /* UIKit.framework in Frameworks */,
				26C4B34717FC429300913AF1 /* Foundation.framework in Frameworks */,
			);
			runOnlyForDeploymentPostprocessing = 0;
		};
/* End PBXFrameworksBuildPhase section */

/* Begin PBXGroup section */
		26C4B31A17FC429300913AF1 = {
			isa = PBXGroup;
			children = (
				26C4B35B17FC501300913AF1 /* Classes */,
				26C4B32C17FC429300913AF1 /* AKYouTubeExample */,
				26C4B34B17FC429300913AF1 /* AKYouTubeExampleTests */,
				26C4B32517FC429300913AF1 /* Frameworks */,
				26C4B32417FC429300913AF1 /* Products */,
			);
			sourceTree = "<group>";
		};
		26C4B32417FC429300913AF1 /* Products */ = {
			isa = PBXGroup;
			children = (
				26C4B32317FC429300913AF1 /* AKYouTubeExample.app */,
				26C4B34417FC429300913AF1 /* AKYouTubeExampleTests.xctest */,
			);
			name = Products;
			sourceTree = "<group>";
		};
		26C4B32517FC429300913AF1 /* Frameworks */ = {
			isa = PBXGroup;
			children = (
				26F3EDE4180403F30079C1E6 /* QuartzCore.framework */,
				26C4B32617FC429300913AF1 /* Foundation.framework */,
				26C4B32817FC429300913AF1 /* CoreGraphics.framework */,
				26C4B32A17FC429300913AF1 /* UIKit.framework */,
				26C4B34517FC429300913AF1 /* XCTest.framework */,
			);
			name = Frameworks;
			sourceTree = "<group>";
		};
		26C4B32C17FC429300913AF1 /* AKYouTubeExample */ = {
			isa = PBXGroup;
			children = (
				26C4B33817FC429300913AF1 /* Main.storyboard */,
				26C4B33517FC429300913AF1 /* AKAppDelegate.h */,
				26C4B33617FC429300913AF1 /* AKAppDelegate.m */,
				26F3EDEC18040B3A0079C1E6 /* AKConstants.h */,
				26C4B33B17FC429300913AF1 /* AKViewController.h */,
				26C4B33C17FC429300913AF1 /* AKViewController.m */,
				26F3EDE918040A990079C1E6 /* AKTableViewController.h */,
				26F3EDEA18040A990079C1E6 /* AKTableViewController.m */,
				26C4B33E17FC429300913AF1 /* Images.xcassets */,
				26C4B32D17FC429300913AF1 /* Supporting Files */,
			);
			path = AKYouTubeExample;
			sourceTree = "<group>";
		};
		26C4B32D17FC429300913AF1 /* Supporting Files */ = {
			isa = PBXGroup;
			children = (
				26C4B32E17FC429300913AF1 /* AKYouTubeExample-Info.plist */,
				26C4B32F17FC429300913AF1 /* InfoPlist.strings */,
				26C4B33217FC429300913AF1 /* main.m */,
				26C4B33417FC429300913AF1 /* AKYouTubeExample-Prefix.pch */,
			);
			name = "Supporting Files";
			sourceTree = "<group>";
		};
		26C4B34B17FC429300913AF1 /* AKYouTubeExampleTests */ = {
			isa = PBXGroup;
			children = (
				26C4B35117FC429300913AF1 /* AKYouTubeExampleTests.m */,
				26C4B34C17FC429300913AF1 /* Supporting Files */,
			);
			path = AKYouTubeExampleTests;
			sourceTree = "<group>";
		};
		26C4B34C17FC429300913AF1 /* Supporting Files */ = {
			isa = PBXGroup;
			children = (
				26C4B34D17FC429300913AF1 /* AKYouTubeExampleTests-Info.plist */,
				26C4B34E17FC429300913AF1 /* InfoPlist.strings */,
			);
			name = "Supporting Files";
			sourceTree = "<group>";
		};
		26C4B35B17FC501300913AF1 /* Classes */ = {
			isa = PBXGroup;
			children = (
				26C4B35C17FC501300913AF1 /* YTConnector.h */,
				26C4B35D17FC501300913AF1 /* YTConnector.m */,
				26C4B36017FC501300913AF1 /* YTLoginViewController.h */,
				26C4B36117FC501300913AF1 /* YTLoginViewController.m */,
				26C4B36417FC501300913AF1 /* YTConstants.h */,
				26C4B36517FC501300913AF1 /* NSData+AKRest.h */,
				26C4B36617FC501300913AF1 /* NSData+AKRest.m */,
				2682D1941802D40400E2CDAB /* Media.xcassets */,
			);
			name = Classes;
			path = ../Classes;
			sourceTree = "<group>";
		};
/* End PBXGroup section */

/* Begin PBXNativeTarget section */
		26C4B32217FC429300913AF1 /* AKYouTubeExample */ = {
			isa = PBXNativeTarget;
			buildConfigurationList = 26C4B35517FC429300913AF1 /* Build configuration list for PBXNativeTarget "AKYouTubeExample" */;
			buildPhases = (
				26C4B31F17FC429300913AF1 /* Sources */,
				26C4B32017FC429300913AF1 /* Frameworks */,
				26C4B32117FC429300913AF1 /* Resources */,
			);
			buildRules = (
			);
			dependencies = (
			);
			name = AKYouTubeExample;
			productName = AKYouTubeExample;
			productReference = 26C4B32317FC429300913AF1 /* AKYouTubeExample.app */;
			productType = "com.apple.product-type.application";
		};
		26C4B34317FC429300913AF1 /* AKYouTubeExampleTests */ = {
			isa = PBXNativeTarget;
			buildConfigurationList = 26C4B35817FC429300913AF1 /* Build configuration list for PBXNativeTarget "AKYouTubeExampleTests" */;
			buildPhases = (
				26C4B34017FC429300913AF1 /* Sources */,
				26C4B34117FC429300913AF1 /* Frameworks */,
				26C4B34217FC429300913AF1 /* Resources */,
			);
			buildRules = (
			);
			dependencies = (
				26C4B34A17FC429300913AF1 /* PBXTargetDependency */,
			);
			name = AKYouTubeExampleTests;
			productName = AKYouTubeExampleTests;
			productReference = 26C4B34417FC429300913AF1 /* AKYouTubeExampleTests.xctest */;
			productType = "com.apple.product-type.bundle.unit-test";
		};
/* End PBXNativeTarget section */

/* Begin PBXProject section */
		26C4B31B17FC429300913AF1 /* Project object */ = {
			isa = PBXProject;
			attributes = {
				CLASSPREFIX = AK;
				LastUpgradeCheck = 0500;
				ORGANIZATIONNAME = "Akademon Ltd.";
				TargetAttributes = {
					26C4B34317FC429300913AF1 = {
						TestTargetID = 26C4B32217FC429300913AF1;
					};
				};
			};
			buildConfigurationList = 26C4B31E17FC429300913AF1 /* Build configuration list for PBXProject "AKYouTubeExample" */;
			compatibilityVersion = "Xcode 3.2";
			developmentRegion = English;
			hasScannedForEncodings = 0;
			knownRegions = (
				en,
				Base,
			);
			mainGroup = 26C4B31A17FC429300913AF1;
			productRefGroup = 26C4B32417FC429300913AF1 /* Products */;
			projectDirPath = "";
			projectRoot = "";
			targets = (
				26C4B32217FC429300913AF1 /* AKYouTubeExample */,
				26C4B34317FC429300913AF1 /* AKYouTubeExampleTests */,
			);
		};
/* End PBXProject section */

/* Begin PBXResourcesBuildPhase section */
		26C4B32117FC429300913AF1 /* Resources */ = {
			isa = PBXResourcesBuildPhase;
			buildActionMask = 2147483647;
			files = (
				26C4B33F17FC429300913AF1 /* Images.xcassets in Resources */,
				26C4B33117FC429300913AF1 /* InfoPlist.strings in Resources */,
				2682D1951802D40400E2CDAB /* Media.xcassets in Resources */,
				26C4B33A17FC429300913AF1 /* Main.storyboard in Resources */,
			);
			runOnlyForDeploymentPostprocessing = 0;
		};
		26C4B34217FC429300913AF1 /* Resources */ = {
			isa = PBXResourcesBuildPhase;
			buildActionMask = 2147483647;
			files = (
				26C4B35017FC429300913AF1 /* InfoPlist.strings in Resources */,
			);
			runOnlyForDeploymentPostprocessing = 0;
		};
/* End PBXResourcesBuildPhase section */

/* Begin PBXSourcesBuildPhase section */
		26C4B31F17FC429300913AF1 /* Sources */ = {
			isa = PBXSourcesBuildPhase;
			buildActionMask = 2147483647;
			files = (
				26C4B36A17FC501300913AF1 /* NSData+AKRest.m in Sources */,
				26C4B36917FC501300913AF1 /* YTLoginViewController.m in Sources */,
				26C4B33717FC429300913AF1 /* AKAppDelegate.m in Sources */,
				26C4B33D17FC429300913AF1 /* AKViewController.m in Sources */,
				26C4B33317FC429300913AF1 /* main.m in Sources */,
				26F3EDEB18040A990079C1E6 /* AKTableViewController.m in Sources */,
				26C4B36717FC501300913AF1 /* YTConnector.m in Sources */,
			);
			runOnlyForDeploymentPostprocessing = 0;
		};
		26C4B34017FC429300913AF1 /* Sources */ = {
			isa = PBXSourcesBuildPhase;
			buildActionMask = 2147483647;
			files = (
				26C4B35217FC429300913AF1 /* AKYouTubeExampleTests.m in Sources */,
			);
			runOnlyForDeploymentPostprocessing = 0;
		};
/* End PBXSourcesBuildPhase section */

/* Begin PBXTargetDependency section */
		26C4B34A17FC429300913AF1 /* PBXTargetDependency */ = {
			isa = PBXTargetDependency;
			target = 26C4B32217FC429300913AF1 /* AKYouTubeExample */;
			targetProxy = 26C4B34917FC429300913AF1 /* PBXContainerItemProxy */;
		};
/* End PBXTargetDependency section */

/* Begin PBXVariantGroup section */
		26C4B32F17FC429300913AF1 /* InfoPlist.strings */ = {
			isa = PBXVariantGroup;
			children = (
				26C4B33017FC429300913AF1 /* en */,
			);
			name = InfoPlist.strings;
			sourceTree = "<group>";
		};
		26C4B33817FC429300913AF1 /* Main.storyboard */ = {
			isa = PBXVariantGroup;
			children = (
				26C4B33917FC429300913AF1 /* Base */,
			);
			name = Main.storyboard;
			sourceTree = "<group>";
		};
		26C4B34E17FC429300913AF1 /* InfoPlist.strings */ = {
			isa = PBXVariantGroup;
			children = (
				26C4B34F17FC429300913AF1 /* en */,
			);
			name = InfoPlist.strings;
			sourceTree = "<group>";
		};
/* End PBXVariantGroup section */

/* Begin XCBuildConfiguration section */
		26C4B35317FC429300913AF1 /* Debug */ = {
			isa = XCBuildConfiguration;
			buildSettings = {
				ALWAYS_SEARCH_USER_PATHS = NO;
				ARCHS = "$(ARCHS_STANDARD_INCLUDING_64_BIT)";
				CLANG_CXX_LANGUAGE_STANDARD = "gnu++0x";
				CLANG_CXX_LIBRARY = "libc++";
				CLANG_ENABLE_MODULES = YES;
				CLANG_ENABLE_OBJC_ARC = YES;
				CLANG_WARN_BOOL_CONVERSION = YES;
				CLANG_WARN_CONSTANT_CONVERSION = YES;
				CLANG_WARN_DIRECT_OBJC_ISA_USAGE = YES_ERROR;
				CLANG_WARN_EMPTY_BODY = YES;
				CLANG_WARN_ENUM_CONVERSION = YES;
				CLANG_WARN_INT_CONVERSION = YES;
				CLANG_WARN_OBJC_ROOT_CLASS = YES_ERROR;
				CLANG_WARN__DUPLICATE_METHOD_MATCH = YES;
				"CODE_SIGN_IDENTITY[sdk=iphoneos*]" = "iPhone Developer";
				COPY_PHASE_STRIP = NO;
				GCC_C_LANGUAGE_STANDARD = gnu99;
				GCC_DYNAMIC_NO_PIC = NO;
				GCC_OPTIMIZATION_LEVEL = 0;
				GCC_PREPROCESSOR_DEFINITIONS = (
					"DEBUG=1",
					"$(inherited)",
				);
				GCC_SYMBOLS_PRIVATE_EXTERN = NO;
				GCC_WARN_64_TO_32_BIT_CONVERSION = YES;
				GCC_WARN_ABOUT_RETURN_TYPE = YES_ERROR;
				GCC_WARN_UNDECLARED_SELECTOR = YES;
				GCC_WARN_UNINITIALIZED_AUTOS = YES;
				GCC_WARN_UNUSED_FUNCTION = YES;
				GCC_WARN_UNUSED_VARIABLE = YES;
				IPHONEOS_DEPLOYMENT_TARGET = 7.0;
				ONLY_ACTIVE_ARCH = YES;
				SDKROOT = iphoneos;
			};
			name = Debug;
		};
		26C4B35417FC429300913AF1 /* Release */ = {
			isa = XCBuildConfiguration;
			buildSettings = {
				ALWAYS_SEARCH_USER_PATHS = NO;
				ARCHS = "$(ARCHS_STANDARD_INCLUDING_64_BIT)";
				CLANG_CXX_LANGUAGE_STANDARD = "gnu++0x";
				CLANG_CXX_LIBRARY = "libc++";
				CLANG_ENABLE_MODULES = YES;
				CLANG_ENABLE_OBJC_ARC = YES;
				CLANG_WARN_BOOL_CONVERSION = YES;
				CLANG_WARN_CONSTANT_CONVERSION = YES;
				CLANG_WARN_DIRECT_OBJC_ISA_USAGE = YES_ERROR;
				CLANG_WARN_EMPTY_BODY = YES;
				CLANG_WARN_ENUM_CONVERSION = YES;
				CLANG_WARN_INT_CONVERSION = YES;
				CLANG_WARN_OBJC_ROOT_CLASS = YES_ERROR;
				CLANG_WARN__DUPLICATE_METHOD_MATCH = YES;
				"CODE_SIGN_IDENTITY[sdk=iphoneos*]" = "iPhone Developer";
				COPY_PHASE_STRIP = YES;
				ENABLE_NS_ASSERTIONS = NO;
				GCC_C_LANGUAGE_STANDARD = gnu99;
				GCC_WARN_64_TO_32_BIT_CONVERSION = YES;
				GCC_WARN_ABOUT_RETURN_TYPE = YES_ERROR;
				GCC_WARN_UNDECLARED_SELECTOR = YES;
				GCC_WARN_UNINITIALIZED_AUTOS = YES;
				GCC_WARN_UNUSED_FUNCTION = YES;
				GCC_WARN_UNUSED_VARIABLE = YES;
				IPHONEOS_DEPLOYMENT_TARGET = 7.0;
				SDKROOT = iphoneos;
				VALIDATE_PRODUCT = YES;
			};
			name = Release;
		};
		26C4B35617FC429300913AF1 /* Debug */ = {
			isa = XCBuildConfiguration;
			buildSettings = {
				ASSETCATALOG_COMPILER_APPICON_NAME = AppIcon;
				ASSETCATALOG_COMPILER_LAUNCHIMAGE_NAME = LaunchImage;
				GCC_PRECOMPILE_PREFIX_HEADER = YES;
				GCC_PREFIX_HEADER = "AKYouTubeExample/AKYouTubeExample-Prefix.pch";
				INFOPLIST_FILE = "AKYouTubeExample/AKYouTubeExample-Info.plist";
				PRODUCT_NAME = AKYouTubeExample;
				WRAPPER_EXTENSION = app;
			};
			name = Debug;
		};
		26C4B35717FC429300913AF1 /* Release */ = {
			isa = XCBuildConfiguration;
			buildSettings = {
				ASSETCATALOG_COMPILER_APPICON_NAME = AppIcon;
				ASSETCATALOG_COMPILER_LAUNCHIMAGE_NAME = LaunchImage;
				GCC_PRECOMPILE_PREFIX_HEADER = YES;
				GCC_PREFIX_HEADER = "AKYouTubeExample/AKYouTubeExample-Prefix.pch";
				INFOPLIST_FILE = "AKYouTubeExample/AKYouTubeExample-Info.plist";
				PRODUCT_NAME = AKYouTubeExample;
				WRAPPER_EXTENSION = app;
			};
			name = Release;
		};
		26C4B35917FC429300913AF1 /* Debug */ = {
			isa = XCBuildConfiguration;
			buildSettings = {
				ARCHS = "$(ARCHS_STANDARD_INCLUDING_64_BIT)";
				BUNDLE_LOADER = "$(BUILT_PRODUCTS_DIR)/AKYouTubeExample.app/AKYouTubeExample";
				FRAMEWORK_SEARCH_PATHS = (
					"$(SDKROOT)/Developer/Library/Frameworks",
					"$(inherited)",
					"$(DEVELOPER_FRAMEWORKS_DIR)",
				);
				GCC_PRECOMPILE_PREFIX_HEADER = YES;
				GCC_PREFIX_HEADER = "AKYouTubeExample/AKYouTubeExample-Prefix.pch";
				GCC_PREPROCESSOR_DEFINITIONS = (
					"DEBUG=1",
					"$(inherited)",
				);
				INFOPLIST_FILE = "AKYouTubeExampleTests/AKYouTubeExampleTests-Info.plist";
				PRODUCT_NAME = AKYouTubeExampleTests;
				TEST_HOST = "$(BUNDLE_LOADER)";
				WRAPPER_EXTENSION = xctest;
			};
			name = Debug;
		};
		26C4B35A17FC429300913AF1 /* Release */ = {
			isa = XCBuildConfiguration;
			buildSettings = {
				ARCHS = "$(ARCHS_STANDARD_INCLUDING_64_BIT)";
				BUNDLE_LOADER = "$(BUILT_PRODUCTS_DIR)/AKYouTubeExample.app/AKYouTubeExample";
				FRAMEWORK_SEARCH_PATHS = (
					"$(SDKROOT)/Developer/Library/Frameworks",
					"$(inherited)",
					"$(DEVELOPER_FRAMEWORKS_DIR)",
				);
				GCC_PRECOMPILE_PREFIX_HEADER = YES;
				GCC_PREFIX_HEADER = "AKYouTubeExample/AKYouTubeExample-Prefix.pch";
				INFOPLIST_FILE = "AKYouTubeExampleTests/AKYouTubeExampleTests-Info.plist";
				PRODUCT_NAME = AKYouTubeExampleTests;
				TEST_HOST = "$(BUNDLE_LOADER)";
				WRAPPER_EXTENSION = xctest;
			};
			name = Release;
		};
/* End XCBuildConfiguration section */

/* Begin XCConfigurationList section */
		26C4B31E17FC429300913AF1 /* Build configuration list for PBXProject "AKYouTubeExample" */ = {
			isa = XCConfigurationList;
			buildConfigurations = (
				26C4B35317FC429300913AF1 /* Debug */,
				26C4B35417FC429300913AF1 /* Release */,
			);
			defaultConfigurationIsVisible = 0;
			defaultConfigurationName = Release;
		};
		26C4B35517FC429300913AF1 /* Build configuration list for PBXNativeTarget "AKYouTubeExample" */ = {
			isa = XCConfigurationList;
			buildConfigurations = (
				26C4B35617FC429300913AF1 /* Debug */,
				26C4B35717FC429300913AF1 /* Release */,
			);
			defaultConfigurationIsVisible = 0;
			defaultConfigurationName = Release;
		};
		26C4B35817FC429300913AF1 /* Build configuration list for PBXNativeTarget "AKYouTubeExampleTests" */ = {
			isa = XCConfigurationList;
			buildConfigurations = (
				26C4B35917FC429300913AF1 /* Debug */,
				26C4B35A17FC429300913AF1 /* Release */,
			);
			defaultConfigurationIsVisible = 0;
			defaultConfigurationName = Release;
		};
/* End XCConfigurationList section */
	};
	rootObject = 26C4B31B17FC429300913AF1 /* Project object */;
}
